{
  "name": "acp-find-mcp",
  "version": "0.16.2",
  "lockfileVersion": 3,
  "requires": true,
  "packages": {
    "": {
      "name": "acp-find-mcp",
      "version": "0.16.2",
      "license": "MIT",
      "bin": {
        "acp-find-mcp": "server.js"
      },
      "engines": {
        "node": ">=22"
      }
    }
  }
}
